
Microsoft Visual Studio Solution File, Format Version 12.00
# Visual Studio 15
VisualStudioVersion = 15.0.28307.1082
MinimumVisualStudioVersion = 10.0.40219.1
Project("{FAE04EC0-301F-11D3-BF4B-00C04F79EFBC}") = "ABBY_test", "ABBY_test\ABBY_test.csproj", "{2F4DB7BF-357D-48A5-8D76-2E6F28BC186D}"
EndProject
Global
	GlobalSection(SolutionConfigurationPlatforms) = preSolution
		Debug|Any CPU = Debug|Any CPU
		Release|Any CPU = Release|Any CPU
	EndGlobalSection
	GlobalSection(ProjectConfigurationPlatforms) = postSolution
		{2F4DB7BF-357D-48A5-8D76-2E6F28BC186D}.Debug|Any CPU.ActiveCfg = Debug|Any CPU
		{2F4DB7BF-357D-48A5-8D76-2E6F28BC186D}.Debug|Any CPU.Build.0 = Debug|Any CPU
		{2F4DB7BF-357D-48A5-8D76-2E6F28BC186D}.Release|Any CPU.ActiveCfg = Release|Any CPU
		{2F4DB7BF-357D-48A5-8D76-2E6F28BC186D}.Release|Any CPU.Build.0 = Release|Any CPU
	EndGlobalSection
	GlobalSection(SolutionProperties) = preSolution
		HideSolutionNode = FALSE
	EndGlobalSection
	GlobalSection(ExtensibilityGlobals) = postSolution
		SolutionGuid = {7D5AB353-F7BB-4C55-91DA-5148B36B898C}
	EndGlobalSection
EndGlobal
